
Microsoft Visual Studio Solution File, Format Version 12.00
# Visual Studio 2012
Project("{D954291E-2A0B-460D-934E-DC6B0785DB48}") = "Shared", "Shared\Shared.shproj", "{A6A3BA74-58FF-4F15-B4EF-02377A9829EE}"
EndProject
Project("{FAE04EC0-301F-11D3-BF4B-00C04F79EFBC}") = "Droid", "Droid\Droid.csproj", "{B590CD5B-6E2F-4ED4-9E8F-D68EA39AC16A}"
EndProject
Project("{FAE04EC0-301F-11D3-BF4B-00C04F79EFBC}") = "iOS", "iOS\iOS.csproj", "{4D5FC392-58AB-4C28-91A2-5D5206158875}"
EndProject
Project("{FAE04EC0-301F-11D3-BF4B-00C04F79EFBC}") = "Desktop", "Desktop\Desktop.csproj", "{0D39F9CE-C040-4DDC-9F4C-5FCDA4B47F56}"
EndProject
Project("{FAE04EC0-301F-11D3-BF4B-00C04F79EFBC}") = "Tests", "Tests\Tests.csproj", "{30BA8C1E-20D9-4A25-839D-E8186DE244AF}"
EndProject
Project("{D954291E-2A0B-460D-934E-DC6B0785DB48}") = "Demo", "Demo\Demo.shproj", "{8B04BDA3-AB6D-4AA1-94D4-7E842A149FAF}"
EndProject
Project("{FAE04EC0-301F-11D3-BF4B-00C04F79EFBC}") = "Demo.iOS", "Demo.iOS\Demo.iOS.csproj", "{B85565E9-ED38-4B25-85BB-918A1BE8031B}"
EndProject
Project("{FAE04EC0-301F-11D3-BF4B-00C04F79EFBC}") = "Demo.Droid", "Demo.Droid\Demo.Droid.csproj", "{CC64A00D-7017-4890-B085-2290F259C692}"
EndProject
Global
	GlobalSection(SolutionConfigurationPlatforms) = preSolution
		Debug|Any CPU = Debug|Any CPU
		Release|Any CPU = Release|Any CPU
		Debug|iPhoneSimulator = Debug|iPhoneSimulator
		Release|iPhone = Release|iPhone
		Release|iPhoneSimulator = Release|iPhoneSimulator
		Debug|iPhone = Debug|iPhone
	EndGlobalSection
	GlobalSection(ProjectConfigurationPlatforms) = postSolution
		{0D39F9CE-C040-4DDC-9F4C-5FCDA4B47F56}.Debug|Any CPU.ActiveCfg = Debug|Any CPU
		{0D39F9CE-C040-4DDC-9F4C-5FCDA4B47F56}.Debug|Any CPU.Build.0 = Debug|Any CPU
		{0D39F9CE-C040-4DDC-9F4C-5FCDA4B47F56}.Release|Any CPU.ActiveCfg = Release|Any CPU
		{0D39F9CE-C040-4DDC-9F4C-5FCDA4B47F56}.Release|Any CPU.Build.0 = Release|Any CPU
		{0D39F9CE-C040-4DDC-9F4C-5FCDA4B47F56}.Debug|iPhoneSimulator.ActiveCfg = Debug|Any CPU
		{0D39F9CE-C040-4DDC-9F4C-5FCDA4B47F56}.Debug|iPhoneSimulator.Build.0 = Debug|Any CPU
		{0D39F9CE-C040-4DDC-9F4C-5FCDA4B47F56}.Release|iPhone.ActiveCfg = Release|Any CPU
		{0D39F9CE-C040-4DDC-9F4C-5FCDA4B47F56}.Release|iPhone.Build.0 = Release|Any CPU
		{0D39F9CE-C040-4DDC-9F4C-5FCDA4B47F56}.Release|iPhoneSimulator.ActiveCfg = Release|Any CPU
		{0D39F9CE-C040-4DDC-9F4C-5FCDA4B47F56}.Release|iPhoneSimulator.Build.0 = Release|Any CPU
		{0D39F9CE-C040-4DDC-9F4C-5FCDA4B47F56}.Debug|iPhone.ActiveCfg = Debug|Any CPU
		{0D39F9CE-C040-4DDC-9F4C-5FCDA4B47F56}.Debug|iPhone.Build.0 = Debug|Any CPU
		{30BA8C1E-20D9-4A25-839D-E8186DE244AF}.Debug|Any CPU.ActiveCfg = Debug|Any CPU
		{30BA8C1E-20D9-4A25-839D-E8186DE244AF}.Debug|Any CPU.Build.0 = Debug|Any CPU
		{30BA8C1E-20D9-4A25-839D-E8186DE244AF}.Release|Any CPU.ActiveCfg = Release|Any CPU
		{30BA8C1E-20D9-4A25-839D-E8186DE244AF}.Release|Any CPU.Build.0 = Release|Any CPU
		{30BA8C1E-20D9-4A25-839D-E8186DE244AF}.Debug|iPhoneSimulator.ActiveCfg = Debug|Any CPU
		{30BA8C1E-20D9-4A25-839D-E8186DE244AF}.Debug|iPhoneSimulator.Build.0 = Debug|Any CPU
		{30BA8C1E-20D9-4A25-839D-E8186DE244AF}.Release|iPhone.ActiveCfg = Release|Any CPU
		{30BA8C1E-20D9-4A25-839D-E8186DE244AF}.Release|iPhone.Build.0 = Release|Any CPU
		{30BA8C1E-20D9-4A25-839D-E8186DE244AF}.Release|iPhoneSimulator.ActiveCfg = Release|Any CPU
		{30BA8C1E-20D9-4A25-839D-E8186DE244AF}.Release|iPhoneSimulator.Build.0 = Release|Any CPU
		{30BA8C1E-20D9-4A25-839D-E8186DE244AF}.Debug|iPhone.ActiveCfg = Debug|Any CPU
		{30BA8C1E-20D9-4A25-839D-E8186DE244AF}.Debug|iPhone.Build.0 = Debug|Any CPU
		{4D5FC392-58AB-4C28-91A2-5D5206158875}.Debug|Any CPU.ActiveCfg = Debug|Any CPU
		{4D5FC392-58AB-4C28-91A2-5D5206158875}.Debug|Any CPU.Build.0 = Debug|Any CPU
		{4D5FC392-58AB-4C28-91A2-5D5206158875}.Release|Any CPU.ActiveCfg = Release|Any CPU
		{4D5FC392-58AB-4C28-91A2-5D5206158875}.Release|Any CPU.Build.0 = Release|Any CPU
		{4D5FC392-58AB-4C28-91A2-5D5206158875}.Debug|iPhoneSimulator.ActiveCfg = Debug|Any CPU
		{4D5FC392-58AB-4C28-91A2-5D5206158875}.Debug|iPhoneSimulator.Build.0 = Debug|Any CPU
		{4D5FC392-58AB-4C28-91A2-5D5206158875}.Release|iPhone.ActiveCfg = Release|Any CPU
		{4D5FC392-58AB-4C28-91A2-5D5206158875}.Release|iPhone.Build.0 = Release|Any CPU
		{4D5FC392-58AB-4C28-91A2-5D5206158875}.Release|iPhoneSimulator.ActiveCfg = Release|Any CPU
		{4D5FC392-58AB-4C28-91A2-5D5206158875}.Release|iPhoneSimulator.Build.0 = Release|Any CPU
		{4D5FC392-58AB-4C28-91A2-5D5206158875}.Debug|iPhone.ActiveCfg = Debug|Any CPU
		{4D5FC392-58AB-4C28-91A2-5D5206158875}.Debug|iPhone.Build.0 = Debug|Any CPU
		{B590CD5B-6E2F-4ED4-9E8F-D68EA39AC16A}.Debug|Any CPU.ActiveCfg = Debug|Any CPU
		{B590CD5B-6E2F-4ED4-9E8F-D68EA39AC16A}.Debug|Any CPU.Build.0 = Debug|Any CPU
		{B590CD5B-6E2F-4ED4-9E8F-D68EA39AC16A}.Release|Any CPU.ActiveCfg = Release|Any CPU
		{B590CD5B-6E2F-4ED4-9E8F-D68EA39AC16A}.Release|Any CPU.Build.0 = Release|Any CPU
		{B590CD5B-6E2F-4ED4-9E8F-D68EA39AC16A}.Debug|iPhoneSimulator.ActiveCfg = Debug|Any CPU
		{B590CD5B-6E2F-4ED4-9E8F-D68EA39AC16A}.Debug|iPhoneSimulator.Build.0 = Debug|Any CPU
		{B590CD5B-6E2F-4ED4-9E8F-D68EA39AC16A}.Release|iPhone.ActiveCfg = Release|Any CPU
		{B590CD5B-6E2F-4ED4-9E8F-D68EA39AC16A}.Release|iPhone.Build.0 = Release|Any CPU
		{B590CD5B-6E2F-4ED4-9E8F-D68EA39AC16A}.Release|iPhoneSimulator.ActiveCfg = Release|Any CPU
		{B590CD5B-6E2F-4ED4-9E8F-D68EA39AC16A}.Release|iPhoneSimulator.Build.0 = Release|Any CPU
		{B590CD5B-6E2F-4ED4-9E8F-D68EA39AC16A}.Debug|iPhone.ActiveCfg = Debug|Any CPU
		{B590CD5B-6E2F-4ED4-9E8F-D68EA39AC16A}.Debug|iPhone.Build.0 = Debug|Any CPU
		{B85565E9-ED38-4B25-85BB-918A1BE8031B}.Debug|Any CPU.ActiveCfg = Debug|iPhoneSimulator
		{B85565E9-ED38-4B25-85BB-918A1BE8031B}.Debug|Any CPU.Build.0 = Debug|iPhoneSimulator
		{B85565E9-ED38-4B25-85BB-918A1BE8031B}.Release|Any CPU.ActiveCfg = Release|iPhone
		{B85565E9-ED38-4B25-85BB-918A1BE8031B}.Release|Any CPU.Build.0 = Release|iPhone
		{B85565E9-ED38-4B25-85BB-918A1BE8031B}.Debug|iPhoneSimulator.ActiveCfg = Debug|iPhoneSimulator
		{B85565E9-ED38-4B25-85BB-918A1BE8031B}.Debug|iPhoneSimulator.Build.0 = Debug|iPhoneSimulator
		{B85565E9-ED38-4B25-85BB-918A1BE8031B}.Release|iPhone.ActiveCfg = Release|iPhone
		{B85565E9-ED38-4B25-85BB-918A1BE8031B}.Release|iPhone.Build.0 = Release|iPhone
		{B85565E9-ED38-4B25-85BB-918A1BE8031B}.Release|iPhoneSimulator.ActiveCfg = Release|iPhoneSimulator
		{B85565E9-ED38-4B25-85BB-918A1BE8031B}.Release|iPhoneSimulator.Build.0 = Release|iPhoneSimulator
		{B85565E9-ED38-4B25-85BB-918A1BE8031B}.Debug|iPhone.ActiveCfg = Debug|iPhone
		{B85565E9-ED38-4B25-85BB-918A1BE8031B}.Debug|iPhone.Build.0 = Debug|iPhone
		{CC64A00D-7017-4890-B085-2290F259C692}.Debug|Any CPU.ActiveCfg = Debug|Any CPU
		{CC64A00D-7017-4890-B085-2290F259C692}.Debug|Any CPU.Build.0 = Debug|Any CPU
		{CC64A00D-7017-4890-B085-2290F259C692}.Release|Any CPU.ActiveCfg = Release|Any CPU
		{CC64A00D-7017-4890-B085-2290F259C692}.Release|Any CPU.Build.0 = Release|Any CPU
		{CC64A00D-7017-4890-B085-2290F259C692}.Debug|iPhoneSimulator.ActiveCfg = Debug|Any CPU
		{CC64A00D-7017-4890-B085-2290F259C692}.Debug|iPhoneSimulator.Build.0 = Debug|Any CPU
		{CC64A00D-7017-4890-B085-2290F259C692}.Release|iPhone.ActiveCfg = Release|Any CPU
		{CC64A00D-7017-4890-B085-2290F259C692}.Release|iPhone.Build.0 = Release|Any CPU
		{CC64A00D-7017-4890-B085-2290F259C692}.Release|iPhoneSimulator.ActiveCfg = Release|Any CPU
		{CC64A00D-7017-4890-B085-2290F259C692}.Release|iPhoneSimulator.Build.0 = Release|Any CPU
		{CC64A00D-7017-4890-B085-2290F259C692}.Debug|iPhone.ActiveCfg = Debug|Any CPU
		{CC64A00D-7017-4890-B085-2290F259C692}.Debug|iPhone.Build.0 = Debug|Any CPU
	EndGlobalSection
	GlobalSection(MonoDevelopProperties) = preSolution
		Policies = $0
		$0.TextStylePolicy = $1
		$1.TabsToSpaces = True
		$1.NoTabsAfterNonTabs = True
		$1.EolMarker = Unix
		$1.scope = text/x-csharp
		$0.CSharpFormattingPolicy = $2
		$2.scope = text/x-csharp
		$2.NewLinesForBracesInProperties = False
		$2.NewLinesForBracesInAccessors = False
		$2.NewLinesForBracesInAnonymousMethods = False
		$2.NewLinesForBracesInControlBlocks = False
		$2.NewLinesForBracesInAnonymousTypes = False
		$2.NewLinesForBracesInObjectCollectionArrayInitializers = False
		$2.NewLinesForBracesInLambdaExpressionBody = False
		$2.NewLineForElse = False
		$2.NewLineForCatch = False
		$2.NewLineForFinally = False
	EndGlobalSection
EndGlobal
