
Microsoft Visual Studio Solution File, Format Version 12.00
# Visual Studio 2012
Project("{FAE04EC0-301F-11D3-BF4B-00C04F79EFBC}") = "SimpleStorageDemo.iOS-Unified", "SimpleStorageDemo.iOS-Unified.csproj", "{3207D66A-96B4-4537-9276-CC319D968A95}"
EndProject
Global
	GlobalSection(SolutionConfigurationPlatforms) = preSolution
		Debug|iPhoneSimulator = Debug|iPhoneSimulator
		Release|iPhoneSimulator = Release|iPhoneSimulator
		Debug|iPhone = Debug|iPhone
		Release|iPhone = Release|iPhone
		Ad-Hoc|iPhone = Ad-Hoc|iPhone
		AppStore|iPhone = AppStore|iPhone
	EndGlobalSection
	GlobalSection(ProjectConfigurationPlatforms) = postSolution
		{3207D66A-96B4-4537-9276-CC319D968A95}.Ad-Hoc|iPhone.ActiveCfg = Ad-Hoc|iPhone
		{3207D66A-96B4-4537-9276-CC319D968A95}.Ad-Hoc|iPhone.Build.0 = Ad-Hoc|iPhone
		{3207D66A-96B4-4537-9276-CC319D968A95}.AppStore|iPhone.ActiveCfg = AppStore|iPhone
		{3207D66A-96B4-4537-9276-CC319D968A95}.AppStore|iPhone.Build.0 = AppStore|iPhone
		{3207D66A-96B4-4537-9276-CC319D968A95}.Debug|iPhone.ActiveCfg = Debug|iPhone
		{3207D66A-96B4-4537-9276-CC319D968A95}.Debug|iPhone.Build.0 = Debug|iPhone
		{3207D66A-96B4-4537-9276-CC319D968A95}.Debug|iPhoneSimulator.ActiveCfg = Debug|iPhoneSimulator
		{3207D66A-96B4-4537-9276-CC319D968A95}.Debug|iPhoneSimulator.Build.0 = Debug|iPhoneSimulator
		{3207D66A-96B4-4537-9276-CC319D968A95}.Release|iPhone.ActiveCfg = Release|iPhone
		{3207D66A-96B4-4537-9276-CC319D968A95}.Release|iPhone.Build.0 = Release|iPhone
		{3207D66A-96B4-4537-9276-CC319D968A95}.Release|iPhoneSimulator.ActiveCfg = Release|iPhoneSimulator
		{3207D66A-96B4-4537-9276-CC319D968A95}.Release|iPhoneSimulator.Build.0 = Release|iPhoneSimulator
	EndGlobalSection
	GlobalSection(MonoDevelopProperties) = preSolution
		StartupItem = SimpleStorageDemo.iOS-Unified.csproj
	EndGlobalSection
EndGlobal
