
Microsoft Visual Studio Solution File, Format Version 11.00
# Visual Studio 2010
Project("{FAE04EC0-301F-11D3-BF4B-00C04F79EFBC}") = "SimpleStorageDemo.Droid", "SimpleStorageDemo.Droid.csproj", "{7EAEE294-930C-470B-9423-AAFDE1222944}"
EndProject
Global
	GlobalSection(SolutionConfigurationPlatforms) = preSolution
		Debug|Any CPU = Debug|Any CPU
		Release|Any CPU = Release|Any CPU
	EndGlobalSection
	GlobalSection(ProjectConfigurationPlatforms) = postSolution
		{7EAEE294-930C-470B-9423-AAFDE1222944}.Debug|Any CPU.ActiveCfg = Debug|Any CPU
		{7EAEE294-930C-470B-9423-AAFDE1222944}.Debug|Any CPU.Build.0 = Debug|Any CPU
		{7EAEE294-930C-470B-9423-AAFDE1222944}.Release|Any CPU.ActiveCfg = Release|Any CPU
		{7EAEE294-930C-470B-9423-AAFDE1222944}.Release|Any CPU.Build.0 = Release|Any CPU
	EndGlobalSection
	GlobalSection(MonoDevelopProperties) = preSolution
		StartupItem = SimpleStorageDemo.Droid.csproj
	EndGlobalSection
EndGlobal
